
Microsoft Visual Studio Solution File, Format Version 12.00
Project("{FAE04EC0-301F-11D3-BF4B-00C04F79EFBC}") = "cli", "cli\cli.csproj", "{D43C5FEB-323E-4906-8515-73256EC5B96B}"
EndProject
Project("{2150E333-8FDC-42A3-9474-1A3956D46DE8}") = "root", "root", "{543830EC-F194-4C83-97D0-BC843D57A449}"
	ProjectSection(SolutionItems) = preProject
		docker-compose.yml = docker-compose.yml
	EndProjectSection
EndProject
Project("{FAE04EC0-301F-11D3-BF4B-00C04F79EFBC}") = "Messages", "Messages\Messages.csproj", "{9A7ADADD-6C37-45BE-A1A1-A41F30B0DF4A}"
EndProject
Project("{FAE04EC0-301F-11D3-BF4B-00C04F79EFBC}") = "PrimeService", "PrimeService\PrimeService.csproj", "{3749B982-7667-4BD1-8865-51E4D1FEB398}"
EndProject
Project("{FAE04EC0-301F-11D3-BF4B-00C04F79EFBC}") = "FibonacciService", "FibonacciService\FibonacciService.csproj", "{6D0E1671-3B93-4347-8B9F-1D7F9DE032D0}"
EndProject
Global
	GlobalSection(SolutionConfigurationPlatforms) = preSolution
		Debug|Any CPU = Debug|Any CPU
		Release|Any CPU = Release|Any CPU
	EndGlobalSection
	GlobalSection(ProjectConfigurationPlatforms) = postSolution
		{D43C5FEB-323E-4906-8515-73256EC5B96B}.Debug|Any CPU.ActiveCfg = Debug|Any CPU
		{D43C5FEB-323E-4906-8515-73256EC5B96B}.Debug|Any CPU.Build.0 = Debug|Any CPU
		{D43C5FEB-323E-4906-8515-73256EC5B96B}.Release|Any CPU.ActiveCfg = Release|Any CPU
		{D43C5FEB-323E-4906-8515-73256EC5B96B}.Release|Any CPU.Build.0 = Release|Any CPU
		{9A7ADADD-6C37-45BE-A1A1-A41F30B0DF4A}.Debug|Any CPU.ActiveCfg = Debug|Any CPU
		{9A7ADADD-6C37-45BE-A1A1-A41F30B0DF4A}.Debug|Any CPU.Build.0 = Debug|Any CPU
		{9A7ADADD-6C37-45BE-A1A1-A41F30B0DF4A}.Release|Any CPU.ActiveCfg = Release|Any CPU
		{9A7ADADD-6C37-45BE-A1A1-A41F30B0DF4A}.Release|Any CPU.Build.0 = Release|Any CPU
		{3749B982-7667-4BD1-8865-51E4D1FEB398}.Debug|Any CPU.ActiveCfg = Debug|Any CPU
		{3749B982-7667-4BD1-8865-51E4D1FEB398}.Debug|Any CPU.Build.0 = Debug|Any CPU
		{3749B982-7667-4BD1-8865-51E4D1FEB398}.Release|Any CPU.ActiveCfg = Release|Any CPU
		{3749B982-7667-4BD1-8865-51E4D1FEB398}.Release|Any CPU.Build.0 = Release|Any CPU
		{6D0E1671-3B93-4347-8B9F-1D7F9DE032D0}.Debug|Any CPU.ActiveCfg = Debug|Any CPU
		{6D0E1671-3B93-4347-8B9F-1D7F9DE032D0}.Debug|Any CPU.Build.0 = Debug|Any CPU
		{6D0E1671-3B93-4347-8B9F-1D7F9DE032D0}.Release|Any CPU.ActiveCfg = Release|Any CPU
		{6D0E1671-3B93-4347-8B9F-1D7F9DE032D0}.Release|Any CPU.Build.0 = Release|Any CPU
	EndGlobalSection
EndGlobal
